// !$*UTF8*$!
{
	archiveVersion = 1;
	classes = {
	};
	objectVersion = 55;
	objects = {

/* Begin PBXBuildFile section */
		913EC202286B7F7300EEBFEC /* NatureApp.swift in Sources */ = {isa = PBXBuildFile; fileRef = 913EC201286B7F7300EEBFEC /* NatureApp.swift */; };
		913EC204286B7F7300EEBFEC /* ContentView.swift in Sources */ = {isa = PBXBuildFile; fileRef = 913EC203286B7F7300EEBFEC /* ContentView.swift */; };
		913EC206286B7F7400EEBFEC /* Assets.xcassets in Resources */ = {isa = PBXBuildFile; fileRef = 913EC205286B7F7400EEBFEC /* Assets.xcassets */; };
		913EC209286B7F7400EEBFEC /* Preview Assets.xcassets in Resources */ = {isa = PBXBuildFile; fileRef = 913EC208286B7F7400EEBFEC /* Preview Assets.xcassets */; };
		913EC213286B7F7400EEBFEC /* NatureTests.swift in Sources */ = {isa = PBXBuildFile; fileRef = 913EC212286B7F7400EEBFEC /* NatureTests.swift */; };
		913EC21D286B7F7400EEBFEC /* NatureUITests.swift in Sources */ = {isa = PBXBuildFile; fileRef = 913EC21C286B7F7400EEBFEC /* NatureUITests.swift */; };
		913EC21F286B7F7400EEBFEC /* NatureUITestsLaunchTests.swift in Sources */ = {isa = PBXBuildFile; fileRef = 913EC21E286B7F7400EEBFEC /* NatureUITestsLaunchTests.swift */; };
/* End PBXBuildFile section */

/* Begin PBXContainerItemProxy section */
		913EC20F286B7F7400EEBFEC /* PBXContainerItemProxy */ = {
			isa = PBXContainerItemProxy;
			containerPortal = 913EC1F6286B7F7300EEBFEC /* Project object */;
			proxyType = 1;
			remoteGlobalIDString = 913EC1FD286B7F7300EEBFEC;
			remoteInfo = Nature;
		};
		913EC219286B7F7400EEBFEC /* PBXContainerItemProxy */ = {
			isa = PBXContainerItemProxy;
			containerPortal = 913EC1F6286B7F7300EEBFEC /* Project object */;
			proxyType = 1;
			remoteGlobalIDString = 913EC1FD286B7F7300EEBFEC;
			remoteInfo = Nature;
		};
/* End PBXContainerItemProxy section */

/* Begin PBXFileReference section */
		913EC1FE286B7F7300EEBFEC /* Nature.app */ = {isa = PBXFileReference; explicitFileType = wrapper.application; includeInIndex = 0; path = Nature.app; sourceTree = BUILT_PRODUCTS_DIR; };
		913EC201286B7F7300EEBFEC /* NatureApp.swift */ = {isa = PBXFileReference; lastKnownFileType = sourcecode.swift; path = NatureApp.swift; sourceTree = "<group>"; };
		913EC203286B7F7300EEBFEC /* ContentView.swift */ = {isa = PBXFileReference; lastKnownFileType = sourcecode.swift; path = ContentView.swift; sourceTree = "<group>"; };
		913EC205286B7F7400EEBFEC /* Assets.xcassets */ = {isa = PBXFileReference; lastKnownFileType = folder.assetcatalog; path = Assets.xcassets; sourceTree = "<group>"; };
		913EC208286B7F7400EEBFEC /* Preview Assets.xcassets */ = {isa = PBXFileReference; lastKnownFileType = folder.assetcatalog; path = "Preview Assets.xcassets"; sourceTree = "<group>"; };
		913EC20E286B7F7400EEBFEC /* NatureTests.xctest */ = {isa = PBXFileReference; explicitFileType = wrapper.cfbundle; includeInIndex = 0; path = NatureTests.xctest; sourceTree = BUILT_PRODUCTS_DIR; };
		913EC212286B7F7400EEBFEC /* NatureTests.swift */ = {isa = PBXFileReference; lastKnownFileType = sourcecode.swift; path = NatureTests.swift; sourceTree = "<group>"; };
		913EC218286B7F7400EEBFEC /* NatureUITests.xctest */ = {isa = PBXFileReference; explicitFileType = wrapper.cfbundle; includeInIndex = 0; path = NatureUITests.xctest; sourceTree = BUILT_PRODUCTS_DIR; };
		913EC21C286B7F7400EEBFEC /* NatureUITests.swift */ = {isa = PBXFileReference; lastKnownFileType = sourcecode.swift; path = NatureUITests.swift; sourceTree = "<group>"; };
		913EC21E286B7F7400EEBFEC /* NatureUITestsLaunchTests.swift */ = {isa = PBXFileReference; lastKnownFileType = sourcecode.swift; path = NatureUITestsLaunchTests.swift; sourceTree = "<group>"; };
/* End PBXFileReference section */

/* Begin PBXFrameworksBuildPhase section */
		913EC1FB286B7F7300EEBFEC /* Frameworks */ = {
			isa = PBXFrameworksBuildPhase;
			buildActionMask = 2147483647;
			files = (
			);
			runOnlyForDeploymentPostprocessing = 0;
		};
		913EC20B286B7F7400EEBFEC /* Frameworks */ = {
			isa = PBXFrameworksBuildPhase;
			buildActionMask = 2147483647;
			files = (
			);
			runOnlyForDeploymentPostprocessing = 0;
		};
		913EC215286B7F7400EEBFEC /* Frameworks */ = {
			isa = PBXFrameworksBuildPhase;
			buildActionMask = 2147483647;
			files = (
			);
			runOnlyForDeploymentPostprocessing = 0;
		};
/* End PBXFrameworksBuildPhase section */

/* Begin PBXGroup section */
		913EC1F5286B7F7300EEBFEC = {
			isa = PBXGroup;
			children = (
				913EC200286B7F7300EEBFEC /* Nature */,
				913EC211286B7F7400EEBFEC /* NatureTests */,
				913EC21B286B7F7400EEBFEC /* NatureUITests */,
				913EC1FF286B7F7300EEBFEC /* Products */,
			);
			sourceTree = "<group>";
		};
		913EC1FF286B7F7300EEBFEC /* Products */ = {
			isa = PBXGroup;
			children = (
				913EC1FE286B7F7300EEBFEC /* Nature.app */,
				913EC20E286B7F7400EEBFEC /* NatureTests.xctest */,
				913EC218286B7F7400EEBFEC /* NatureUITests.xctest */,
			);
			name = Products;
			sourceTree = "<group>";
		};
		913EC200286B7F7300EEBFEC /* Nature */ = {
			isa = PBXGroup;
			children = (
				913EC22C286B7F9200EEBFEC /* Utilities */,
				913EC22B286B7F8B00EEBFEC /* Views */,
				913EC201286B7F7300EEBFEC /* NatureApp.swift */,
				913EC203286B7F7300EEBFEC /* ContentView.swift */,
				913EC205286B7F7400EEBFEC /* Assets.xcassets */,
				913EC207286B7F7400EEBFEC /* Preview Content */,
			);
			path = Nature;
			sourceTree = "<group>";
		};
		913EC207286B7F7400EEBFEC /* Preview Content */ = {
			isa = PBXGroup;
			children = (
				913EC208286B7F7400EEBFEC /* Preview Assets.xcassets */,
			);
			path = "Preview Content";
			sourceTree = "<group>";
		};
		913EC211286B7F7400EEBFEC /* NatureTests */ = {
			isa = PBXGroup;
			children = (
				913EC212286B7F7400EEBFEC /* NatureTests.swift */,
			);
			path = NatureTests;
			sourceTree = "<group>";
		};
		913EC21B286B7F7400EEBFEC /* NatureUITests */ = {
			isa = PBXGroup;
			children = (
				913EC21C286B7F7400EEBFEC /* NatureUITests.swift */,
				913EC21E286B7F7400EEBFEC /* NatureUITestsLaunchTests.swift */,
			);
			path = NatureUITests;
			sourceTree = "<group>";
		};
		913EC22B286B7F8B00EEBFEC /* Views */ = {
			isa = PBXGroup;
			children = (
			);
			path = Views;
			sourceTree = "<group>";
		};
		913EC22C286B7F9200EEBFEC /* Utilities */ = {
			isa = PBXGroup;
			children = (
			);
			path = Utilities;
			sourceTree = "<group>";
		};
/* End PBXGroup section */

/* Begin PBXNativeTarget section */
		913EC1FD286B7F7300EEBFEC /* Nature */ = {
			isa = PBXNativeTarget;
			buildConfigurationList = 913EC222286B7F7400EEBFEC /* Build configuration list for PBXNativeTarget "Nature" */;
			buildPhases = (
				913EC1FA286B7F7300EEBFEC /* Sources */,
				913EC1FB286B7F7300EEBFEC /* Frameworks */,
				913EC1FC286B7F7300EEBFEC /* Resources */,
			);
			buildRules = (
			);
			dependencies = (
			);
			name = Nature;
			productName = Nature;
			productReference = 913EC1FE286B7F7300EEBFEC /* Nature.app */;
			productType = "com.apple.product-type.application";
		};
		913EC20D286B7F7400EEBFEC /* NatureTests */ = {
			isa = PBXNativeTarget;
			buildConfigurationList = 913EC225286B7F7400EEBFEC /* Build configuration list for PBXNativeTarget "NatureTests" */;
			buildPhases = (
				913EC20A286B7F7400EEBFEC /* Sources */,
				913EC20B286B7F7400EEBFEC /* Frameworks */,
				913EC20C286B7F7400EEBFEC /* Resources */,
			);
			buildRules = (
			);
			dependencies = (
				913EC210286B7F7400EEBFEC /* PBXTargetDependency */,
			);
			name = NatureTests;
			productName = NatureTests;
			productReference = 913EC20E286B7F7400EEBFEC /* NatureTests.xctest */;
			productType = "com.apple.product-type.bundle.unit-test";
		};
		913EC217286B7F7400EEBFEC /* NatureUITests */ = {
			isa = PBXNativeTarget;
			buildConfigurationList = 913EC228286B7F7400EEBFEC /* Build configuration list for PBXNativeTarget "NatureUITests" */;
			buildPhases = (
				913EC214286B7F7400EEBFEC /* Sources */,
				913EC215286B7F7400EEBFEC /* Frameworks */,
				913EC216286B7F7400EEBFEC /* Resources */,
			);
			buildRules = (
			);
			dependencies = (
				913EC21A286B7F7400EEBFEC /* PBXTargetDependency */,
			);
			name = NatureUITests;
			productName = NatureUITests;
			productReference = 913EC218286B7F7400EEBFEC /* NatureUITests.xctest */;
			productType = "com.apple.product-type.bundle.ui-testing";
		};
/* End PBXNativeTarget section */

/* Begin PBXProject section */
		913EC1F6286B7F7300EEBFEC /* Project object */ = {
			isa = PBXProject;
			attributes = {
				BuildIndependentTargetsInParallel = 1;
				LastSwiftUpdateCheck = 1320;
				LastUpgradeCheck = 1320;
				TargetAttributes = {
					913EC1FD286B7F7300EEBFEC = {
						CreatedOnToolsVersion = 13.2.1;
					};
					913EC20D286B7F7400EEBFEC = {
						CreatedOnToolsVersion = 13.2.1;
						TestTargetID = 913EC1FD286B7F7300EEBFEC;
					};
					913EC217286B7F7400EEBFEC = {
						CreatedOnToolsVersion = 13.2.1;
						TestTargetID = 913EC1FD286B7F7300EEBFEC;
					};
				};
			};
			buildConfigurationList = 913EC1F9286B7F7300EEBFEC /* Build configuration list for PBXProject "Nature" */;
			compatibilityVersion = "Xcode 13.0";
			developmentRegion = en;
			hasScannedForEncodings = 0;
			knownRegions = (
				en,
				Base,
			);
			mainGroup = 913EC1F5286B7F7300EEBFEC;
			productRefGroup = 913EC1FF286B7F7300EEBFEC /* Products */;
			projectDirPath = "";
			projectRoot = "";
			targets = (
				913EC1FD286B7F7300EEBFEC /* Nature */,
				913EC20D286B7F7400EEBFEC /* NatureTests */,
				913EC217286B7F7400EEBFEC /* NatureUITests */,
			);
		};
/* End PBXProject section */

/* Begin PBXResourcesBuildPhase section */
		913EC1FC286B7F7300EEBFEC /* Resources */ = {
			isa = PBXResourcesBuildPhase;
			buildActionMask = 2147483647;
			files = (
				913EC209286B7F7400EEBFEC /* Preview Assets.xcassets in Resources */,
				913EC206286B7F7400EEBFEC /* Assets.xcassets in Resources */,
			);
			runOnlyForDeploymentPostprocessing = 0;
		};
		913EC20C286B7F7400EEBFEC /* Resources */ = {
			isa = PBXResourcesBuildPhase;
			buildActionMask = 2147483647;
			files = (
			);
			runOnlyForDeploymentPostprocessing = 0;
		};
		913EC216286B7F7400EEBFEC /* Resources */ = {
			isa = PBXResourcesBuildPhase;
			buildActionMask = 2147483647;
			files = (
			);
			runOnlyForDeploymentPostprocessing = 0;
		};
/* End PBXResourcesBuildPhase section */

/* Begin PBXSourcesBuildPhase section */
		913EC1FA286B7F7300EEBFEC /* Sources */ = {
			isa = PBXSourcesBuildPhase;
			buildActionMask = 2147483647;
			files = (
				913EC204286B7F7300EEBFEC /* ContentView.swift in Sources */,
				913EC202286B7F7300EEBFEC /* NatureApp.swift in Sources */,
			);
			runOnlyForDeploymentPostprocessing = 0;
		};
		913EC20A286B7F7400EEBFEC /* Sources */ = {
			isa = PBXSourcesBuildPhase;
			buildActionMask = 2147483647;
			files = (
				913EC213286B7F7400EEBFEC /* NatureTests.swift in Sources */,
			);
			runOnlyForDeploymentPostprocessing = 0;
		};
		913EC214286B7F7400EEBFEC /* Sources */ = {
			isa = PBXSourcesBuildPhase;
			buildActionMask = 2147483647;
			files = (
				913EC21D286B7F7400EEBFEC /* NatureUITests.swift in Sources */,
				913EC21F286B7F7400EEBFEC /* NatureUITestsLaunchTests.swift in Sources */,
			);
			runOnlyForDeploymentPostprocessing = 0;
		};
/* End PBXSourcesBuildPhase section */

/* Begin PBXTargetDependency section */
		913EC210286B7F7400EEBFEC /* PBXTargetDependency */ = {
			isa = PBXTargetDependency;
			target = 913EC1FD286B7F7300EEBFEC /* Nature */;
			targetProxy = 913EC20F286B7F7400EEBFEC /* PBXContainerItemProxy */;
		};
		913EC21A286B7F7400EEBFEC /* PBXTargetDependency */ = {
			isa = PBXTargetDependency;
			target = 913EC1FD286B7F7300EEBFEC /* Nature */;
			targetProxy = 913EC219286B7F7400EEBFEC /* PBXContainerItemProxy */;
		};
/* End PBXTargetDependency section */

/* Begin XCBuildConfiguration section */
		913EC220286B7F7400EEBFEC /* Debug */ = {
			isa = XCBuildConfiguration;
			buildSettings = {
				ALWAYS_SEARCH_USER_PATHS = NO;
				CLANG_ANALYZER_NONNULL = YES;
				CLANG_ANALYZER_NUMBER_OBJECT_CONVERSION = YES_AGGRESSIVE;
				CLANG_CXX_LANGUAGE_STANDARD = "gnu++17";
				CLANG_CXX_LIBRARY = "libc++";
				CLANG_ENABLE_MODULES = YES;
				CLANG_ENABLE_OBJC_ARC = YES;
				CLANG_ENABLE_OBJC_WEAK = YES;
				CLANG_WARN_BLOCK_CAPTURE_AUTORELEASING = YES;
				CLANG_WARN_BOOL_CONVERSION = YES;
				CLANG_WARN_COMMA = YES;
				CLANG_WARN_CONSTANT_CONVERSION = YES;
				CLANG_WARN_DEPRECATED_OBJC_IMPLEMENTATIONS = YES;
				CLANG_WARN_DIRECT_OBJC_ISA_USAGE = YES_ERROR;
				CLANG_WARN_DOCUMENTATION_COMMENTS = YES;
				CLANG_WARN_EMPTY_BODY = YES;
				CLANG_WARN_ENUM_CONVERSION = YES;
				CLANG_WARN_INFINITE_RECURSION = YES;
				CLANG_WARN_INT_CONVERSION = YES;
				CLANG_WARN_NON_LITERAL_NULL_CONVERSION = YES;
				CLANG_WARN_OBJC_IMPLICIT_RETAIN_SELF = YES;
				CLANG_WARN_OBJC_LITERAL_CONVERSION = YES;
				CLANG_WARN_OBJC_ROOT_CLASS = YES_ERROR;
				CLANG_WARN_QUOTED_INCLUDE_IN_FRAMEWORK_HEADER = YES;
				CLANG_WARN_RANGE_LOOP_ANALYSIS = YES;
				CLANG_WARN_STRICT_PROTOTYPES = YES;
				CLANG_WARN_SUSPICIOUS_MOVE = YES;
				CLANG_WARN_UNGUARDED_AVAILABILITY = YES_AGGRESSIVE;
				CLANG_WARN_UNREACHABLE_CODE = YES;
				CLANG_WARN__DUPLICATE_METHOD_MATCH = YES;
				COPY_PHASE_STRIP = NO;
				DEBUG_INFORMATION_FORMAT = dwarf;
				ENABLE_STRICT_OBJC_MSGSEND = YES;
				ENABLE_TESTABILITY = YES;
				GCC_C_LANGUAGE_STANDARD = gnu11;
				GCC_DYNAMIC_NO_PIC = NO;
				GCC_NO_COMMON_BLOCKS = YES;
				GCC_OPTIMIZATION_LEVEL = 0;
				GCC_PREPROCESSOR_DEFINITIONS = (
					"DEBUG=1",
					"$(inherited)",
				);
				GCC_WARN_64_TO_32_BIT_CONVERSION = YES;
				GCC_WARN_ABOUT_RETURN_TYPE = YES_ERROR;
				GCC_WARN_UNDECLARED_SELECTOR = YES;
				GCC_WARN_UNINITIALIZED_AUTOS = YES_AGGRESSIVE;
				GCC_WARN_UNUSED_FUNCTION = YES;
				GCC_WARN_UNUSED_VARIABLE = YES;
				IPHONEOS_DEPLOYMENT_TARGET = 15.2;
				MTL_ENABLE_DEBUG_INFO = INCLUDE_SOURCE;
				MTL_FAST_MATH = YES;
				ONLY_ACTIVE_ARCH = YES;
				SDKROOT = iphoneos;
				SWIFT_ACTIVE_COMPILATION_CONDITIONS = DEBUG;
				SWIFT_OPTIMIZATION_LEVEL = "-Onone";
			};
			name = Debug;
		};
		913EC221286B7F7400EEBFEC /* Release */ = {
			isa = XCBuildConfiguration;
			buildSettings = {
				ALWAYS_SEARCH_USER_PATHS = NO;
				CLANG_ANALYZER_NONNULL = YES;
				CLANG_ANALYZER_NUMBER_OBJECT_CONVERSION = YES_AGGRESSIVE;
				CLANG_CXX_LANGUAGE_STANDARD = "gnu++17";
				CLANG_CXX_LIBRARY = "libc++";
				CLANG_ENABLE_MODULES = YES;
				CLANG_ENABLE_OBJC_ARC = YES;
				CLANG_ENABLE_OBJC_WEAK = YES;
				CLANG_WARN_BLOCK_CAPTURE_AUTORELEASING = YES;
				CLANG_WARN_BOOL_CONVERSION = YES;
				CLANG_WARN_COMMA = YES;
				CLANG_WARN_CONSTANT_CONVERSION = YES;
				CLANG_WARN_DEPRECATED_OBJC_IMPLEMENTATIONS = YES;
				CLANG_WARN_DIRECT_OBJC_ISA_USAGE = YES_ERROR;
				CLANG_WARN_DOCUMENTATION_COMMENTS = YES;
				CLANG_WARN_EMPTY_BODY = YES;
				CLANG_WARN_ENUM_CONVERSION = YES;
				CLANG_WARN_INFINITE_RECURSION = YES;
				CLANG_WARN_INT_CONVERSION = YES;
				CLANG_WARN_NON_LITERAL_NULL_CONVERSION = YES;
				CLANG_WARN_OBJC_IMPLICIT_RETAIN_SELF = YES;
				CLANG_WARN_OBJC_LITERAL_CONVERSION = YES;
				CLANG_WARN_OBJC_ROOT_CLASS = YES_ERROR;
				CLANG_WARN_QUOTED_INCLUDE_IN_FRAMEWORK_HEADER = YES;
				CLANG_WARN_RANGE_LOOP_ANALYSIS = YES;
				CLANG_WARN_STRICT_PROTOTYPES = YES;
				CLANG_WARN_SUSPICIOUS_MOVE = YES;
				CLANG_WARN_UNGUARDED_AVAILABILITY = YES_AGGRESSIVE;
				CLANG_WARN_UNREACHABLE_CODE = YES;
				CLANG_WARN__DUPLICATE_METHOD_MATCH = YES;
				COPY_PHASE_STRIP = NO;
				DEBUG_INFORMATION_FORMAT = "dwarf-with-dsym";
				ENABLE_NS_ASSERTIONS = NO;
				ENABLE_STRICT_OBJC_MSGSEND = YES;
				GCC_C_LANGUAGE_STANDARD = gnu11;
				GCC_NO_COMMON_BLOCKS = YES;
				GCC_WARN_64_TO_32_BIT_CONVERSION = YES;
				GCC_WARN_ABOUT_RETURN_TYPE = YES_ERROR;
				GCC_WARN_UNDECLARED_SELECTOR = YES;
				GCC_WARN_UNINITIALIZED_AUTOS = YES_AGGRESSIVE;
				GCC_WARN_UNUSED_FUNCTION = YES;
				GCC_WARN_UNUSED_VARIABLE = YES;
				IPHONEOS_DEPLOYMENT_TARGET = 15.2;
				MTL_ENABLE_DEBUG_INFO = NO;
				MTL_FAST_MATH = YES;
				SDKROOT = iphoneos;
				SWIFT_COMPILATION_MODE = wholemodule;
				SWIFT_OPTIMIZATION_LEVEL = "-O";
				VALIDATE_PRODUCT = YES;
			};
			name = Release;
		};
		913EC223286B7F7400EEBFEC /* Debug */ = {
			isa = XCBuildConfiguration;
			buildSettings = {
				ASSETCATALOG_COMPILER_APPICON_NAME = AppIcon;
				ASSETCATALOG_COMPILER_GLOBAL_ACCENT_COLOR_NAME = AccentColor;
				CODE_SIGN_STYLE = Automatic;
				CURRENT_PROJECT_VERSION = 1;
				DEVELOPMENT_ASSET_PATHS = "\"Nature/Preview Content\"";
				DEVELOPMENT_TEAM = XZT7H2U4KD;
				ENABLE_PREVIEWS = YES;
				GENERATE_INFOPLIST_FILE = YES;
				INFOPLIST_KEY_UIApplicationSceneManifest_Generation = YES;
				INFOPLIST_KEY_UIApplicationSupportsIndirectInputEvents = YES;
				INFOPLIST_KEY_UILaunchScreen_Generation = YES;
				INFOPLIST_KEY_UISupportedInterfaceOrientations_iPad = "UIInterfaceOrientationPortrait UIInterfaceOrientationPortraitUpsideDown UIInterfaceOrientationLandscapeLeft UIInterfaceOrientationLandscapeRight";
				INFOPLIST_KEY_UISupportedInterfaceOrientations_iPhone = "UIInterfaceOrientationPortrait UIInterfaceOrientationLandscapeLeft UIInterfaceOrientationLandscapeRight";
				LD_RUNPATH_SEARCH_PATHS = (
					"$(inherited)",
					"@executable_path/Frameworks",
				);
				MARKETING_VERSION = 1.0;
				PRODUCT_BUNDLE_IDENTIFIER = com.joseyague.nature.Nature;
				PRODUCT_NAME = "$(TARGET_NAME)";
				SWIFT_EMIT_LOC_STRINGS = YES;
				SWIFT_VERSION = 5.0;
				TARGETED_DEVICE_FAMILY = "1,2";
			};
			name = Debug;
		};
		913EC224286B7F7400EEBFEC /* Release */ = {
			isa = XCBuildConfiguration;
			buildSettings = {
				ASSETCATALOG_COMPILER_APPICON_NAME = AppIcon;
				ASSETCATALOG_COMPILER_GLOBAL_ACCENT_COLOR_NAME = AccentColor;
				CODE_SIGN_STYLE = Automatic;
				CURRENT_PROJECT_VERSION = 1;
				DEVELOPMENT_ASSET_PATHS = "\"Nature/Preview Content\"";
				DEVELOPMENT_TEAM = XZT7H2U4KD;
				ENABLE_PREVIEWS = YES;
				GENERATE_INFOPLIST_FILE = YES;
				INFOPLIST_KEY_UIApplicationSceneManifest_Generation = YES;
				INFOPLIST_KEY_UIApplicationSupportsIndirectInputEvents = YES;
				INFOPLIST_KEY_UILaunchScreen_Generation = YES;
				INFOPLIST_KEY_UISupportedInterfaceOrientations_iPad = "UIInterfaceOrientationPortrait UIInterfaceOrientationPortraitUpsideDown UIInterfaceOrientationLandscapeLeft UIInterfaceOrientationLandscapeRight";
				INFOPLIST_KEY_UISupportedInterfaceOrientations_iPhone = "UIInterfaceOrientationPortrait UIInterfaceOrientationLandscapeLeft UIInterfaceOrientationLandscapeRight";
				LD_RUNPATH_SEARCH_PATHS = (
					"$(inherited)",
					"@executable_path/Frameworks",
				);
				MARKETING_VERSION = 1.0;
				PRODUCT_BUNDLE_IDENTIFIER = com.joseyague.nature.Nature;
				PRODUCT_NAME = "$(TARGET_NAME)";
				SWIFT_EMIT_LOC_STRINGS = YES;
				SWIFT_VERSION = 5.0;
				TARGETED_DEVICE_FAMILY = "1,2";
			};
			name = Release;
		};
		913EC226286B7F7400EEBFEC /* Debug */ = {
			isa = XCBuildConfiguration;
			buildSettings = {
				ALWAYS_EMBED_SWIFT_STANDARD_LIBRARIES = YES;
				BUNDLE_LOADER = "$(TEST_HOST)";
				CODE_SIGN_STYLE = Automatic;
				CURRENT_PROJECT_VERSION = 1;
				DEVELOPMENT_TEAM = XZT7H2U4KD;
				GENERATE_INFOPLIST_FILE = YES;
				IPHONEOS_DEPLOYMENT_TARGET = 15.2;
				MARKETING_VERSION = 1.0;
				PRODUCT_BUNDLE_IDENTIFIER = com.joseyague.nature.NatureTests;
				PRODUCT_NAME = "$(TARGET_NAME)";
				SWIFT_EMIT_LOC_STRINGS = NO;
				SWIFT_VERSION = 5.0;
				TARGETED_DEVICE_FAMILY = "1,2";
				TEST_HOST = "$(BUILT_PRODUCTS_DIR)/Nature.app/Nature";
			};
			name = Debug;
		};
		913EC227286B7F7400EEBFEC /* Release */ = {
			isa = XCBuildConfiguration;
			buildSettings = {
				ALWAYS_EMBED_SWIFT_STANDARD_LIBRARIES = YES;
				BUNDLE_LOADER = "$(TEST_HOST)";
				CODE_SIGN_STYLE = Automatic;
				CURRENT_PROJECT_VERSION = 1;
				DEVELOPMENT_TEAM = XZT7H2U4KD;
				GENERATE_INFOPLIST_FILE = YES;
				IPHONEOS_DEPLOYMENT_TARGET = 15.2;
				MARKETING_VERSION = 1.0;
				PRODUCT_BUNDLE_IDENTIFIER = com.joseyague.nature.NatureTests;
				PRODUCT_NAME = "$(TARGET_NAME)";
				SWIFT_EMIT_LOC_STRINGS = NO;
				SWIFT_VERSION = 5.0;
				TARGETED_DEVICE_FAMILY = "1,2";
				TEST_HOST = "$(BUILT_PRODUCTS_DIR)/Nature.app/Nature";
			};
			name = Release;
		};
		913EC229286B7F7400EEBFEC /* Debug */ = {
			isa = XCBuildConfiguration;
			buildSettings = {
				ALWAYS_EMBED_SWIFT_STANDARD_LIBRARIES = YES;
				CODE_SIGN_STYLE = Automatic;
				CURRENT_PROJECT_VERSION = 1;
				DEVELOPMENT_TEAM = XZT7H2U4KD;
				GENERATE_INFOPLIST_FILE = YES;
				MARKETING_VERSION = 1.0;
				PRODUCT_BUNDLE_IDENTIFIER = com.joseyague.nature.NatureUITests;
				PRODUCT_NAME = "$(TARGET_NAME)";
				SWIFT_EMIT_LOC_STRINGS = NO;
				SWIFT_VERSION = 5.0;
				TARGETED_DEVICE_FAMILY = "1,2";
				TEST_TARGET_NAME = Nature;
			};
			name = Debug;
		};
		913EC22A286B7F7400EEBFEC /* Release */ = {
			isa = XCBuildConfiguration;
			buildSettings = {
				ALWAYS_EMBED_SWIFT_STANDARD_LIBRARIES = YES;
				CODE_SIGN_STYLE = Automatic;
				CURRENT_PROJECT_VERSION = 1;
				DEVELOPMENT_TEAM = XZT7H2U4KD;
				GENERATE_INFOPLIST_FILE = YES;
				MARKETING_VERSION = 1.0;
				PRODUCT_BUNDLE_IDENTIFIER = com.joseyague.nature.NatureUITests;
				PRODUCT_NAME = "$(TARGET_NAME)";
				SWIFT_EMIT_LOC_STRINGS = NO;
				SWIFT_VERSION = 5.0;
				TARGETED_DEVICE_FAMILY = "1,2";
				TEST_TARGET_NAME = Nature;
			};
			name = Release;
		};
/* End XCBuildConfiguration section */

/* Begin XCConfigurationList section */
		913EC1F9286B7F7300EEBFEC /* Build configuration list for PBXProject "Nature" */ = {
			isa = XCConfigurationList;
			buildConfigurations = (
				913EC220286B7F7400EEBFEC /* Debug */,
				913EC221286B7F7400EEBFEC /* Release */,
			);
			defaultConfigurationIsVisible = 0;
			defaultConfigurationName = Release;
		};
		913EC222286B7F7400EEBFEC /* Build configuration list for PBXNativeTarget "Nature" */ = {
			isa = XCConfigurationList;
			buildConfigurations = (
				913EC223286B7F7400EEBFEC /* Debug */,
				913EC224286B7F7400EEBFEC /* Release */,
			);
			defaultConfigurationIsVisible = 0;
			defaultConfigurationName = Release;
		};
		913EC225286B7F7400EEBFEC /* Build configuration list for PBXNativeTarget "NatureTests" */ = {
			isa = XCConfigurationList;
			buildConfigurations = (
				913EC226286B7F7400EEBFEC /* Debug */,
				913EC227286B7F7400EEBFEC /* Release */,
			);
			defaultConfigurationIsVisible = 0;
			defaultConfigurationName = Release;
		};
		913EC228286B7F7400EEBFEC /* Build configuration list for PBXNativeTarget "NatureUITests" */ = {
			isa = XCConfigurationList;
			buildConfigurations = (
				913EC229286B7F7400EEBFEC /* Debug */,
				913EC22A286B7F7400EEBFEC /* Release */,
			);
			defaultConfigurationIsVisible = 0;
			defaultConfigurationName = Release;
		};
/* End XCConfigurationList section */
	};
	rootObject = 913EC1F6286B7F7300EEBFEC /* Project object */;
}
